{
  "name": "supermarketer-skill",
  "version": "0.0.1",
  "lockfileVersion": 3,
  "requires": true,
  "packages": {
    "": {
      "name": "supermarketer-skill",
      "version": "0.0.1",
      "license": "MIT",
      "bin": {
        "supermarketer": "bin/supermarketer.mjs"
      },
      "engines": {
        "node": ">=20"
      }
    }
  }
}
